// !$*UTF8*$!
{
	archiveVersion = 1;
	classes = {
	};
	objectVersion = 50;
	objects = {

/* Begin PBXBuildFile section */
		554AF31825961B6200A23E41 /* README.md in Resources */ = {isa = PBXBuildFile; fileRef = 554AF31725961B6200A23E41 /* README.md */; };
		55F236A225912BBE0007BC69 /* AppDelegate.swift in Sources */ = {isa = PBXBuildFile; fileRef = 55F236A125912BBE0007BC69 /* AppDelegate.swift */; };
		55F236A425912BBE0007BC69 /* SceneDelegate.swift in Sources */ = {isa = PBXBuildFile; fileRef = 55F236A325912BBE0007BC69 /* SceneDelegate.swift */; };
		55F236A825912BC30007BC69 /* Assets.xcassets in Resources */ = {isa = PBXBuildFile; fileRef = 55F236A725912BC30007BC69 /* Assets.xcassets */; };
		55F236AE25912BC30007BC69 /* LaunchScreen.storyboard in Resources */ = {isa = PBXBuildFile; fileRef = 55F236AC25912BC30007BC69 /* LaunchScreen.storyboard */; };
		55F236B725912BF20007BC69 /* ViewController.swift in Sources */ = {isa = PBXBuildFile; fileRef = 55F236B625912BF20007BC69 /* ViewController.swift */; };
		55F236BB25912C430007BC69 /* Withable.swift in Sources */ = {isa = PBXBuildFile; fileRef = 55F236BA25912C430007BC69 /* Withable.swift */; };
		55F236BF25912C710007BC69 /* UIKit+Extensions.swift in Sources */ = {isa = PBXBuildFile; fileRef = 55F236BD25912C700007BC69 /* UIKit+Extensions.swift */; };
		55F236CA25912E690007BC69 /* PreviewView.swift in Sources */ = {isa = PBXBuildFile; fileRef = 55F236C925912E690007BC69 /* PreviewView.swift */; };
		55F236CF259135680007BC69 /* UILabel+Typography.swift in Sources */ = {isa = PBXBuildFile; fileRef = 55F236CE259135680007BC69 /* UILabel+Typography.swift */; };
/* End PBXBuildFile section */

/* Begin PBXFileReference section */
		554AF31725961B6200A23E41 /* README.md */ = {isa = PBXFileReference; fileEncoding = 4; lastKnownFileType = net.daringfireball.markdown; path = README.md; sourceTree = "<group>"; };
		55F2369E25912BBE0007BC69 /* UILabel_Typography_Extensions.app */ = {isa = PBXFileReference; explicitFileType = wrapper.application; includeInIndex = 0; path = UILabel_Typography_Extensions.app; sourceTree = BUILT_PRODUCTS_DIR; };
		55F236A125912BBE0007BC69 /* AppDelegate.swift */ = {isa = PBXFileReference; lastKnownFileType = sourcecode.swift; path = AppDelegate.swift; sourceTree = "<group>"; };
		55F236A325912BBE0007BC69 /* SceneDelegate.swift */ = {isa = PBXFileReference; lastKnownFileType = sourcecode.swift; path = SceneDelegate.swift; sourceTree = "<group>"; };
		55F236A725912BC30007BC69 /* Assets.xcassets */ = {isa = PBXFileReference; lastKnownFileType = folder.assetcatalog; path = Assets.xcassets; sourceTree = "<group>"; };
		55F236AD25912BC30007BC69 /* Base */ = {isa = PBXFileReference; lastKnownFileType = file.storyboard; name = Base; path = Base.lproj/LaunchScreen.storyboard; sourceTree = "<group>"; };
		55F236AF25912BC30007BC69 /* Info.plist */ = {isa = PBXFileReference; lastKnownFileType = text.plist.xml; path = Info.plist; sourceTree = "<group>"; };
		55F236B625912BF20007BC69 /* ViewController.swift */ = {isa = PBXFileReference; lastKnownFileType = sourcecode.swift; path = ViewController.swift; sourceTree = "<group>"; };
		55F236BA25912C430007BC69 /* Withable.swift */ = {isa = PBXFileReference; fileEncoding = 4; lastKnownFileType = sourcecode.swift; path = Withable.swift; sourceTree = "<group>"; };
		55F236BD25912C700007BC69 /* UIKit+Extensions.swift */ = {isa = PBXFileReference; fileEncoding = 4; lastKnownFileType = sourcecode.swift; path = "UIKit+Extensions.swift"; sourceTree = "<group>"; };
		55F236C925912E690007BC69 /* PreviewView.swift */ = {isa = PBXFileReference; fileEncoding = 4; lastKnownFileType = sourcecode.swift; path = PreviewView.swift; sourceTree = "<group>"; };
		55F236CE259135680007BC69 /* UILabel+Typography.swift */ = {isa = PBXFileReference; lastKnownFileType = sourcecode.swift; path = "UILabel+Typography.swift"; sourceTree = "<group>"; };
/* End PBXFileReference section */

/* Begin PBXFrameworksBuildPhase section */
		55F2369B25912BBE0007BC69 /* Frameworks */ = {
			isa = PBXFrameworksBuildPhase;
			buildActionMask = 2147483647;
			files = (
			);
			runOnlyForDeploymentPostprocessing = 0;
		};
/* End PBXFrameworksBuildPhase section */

/* Begin PBXGroup section */
		554AF31C25961F2400A23E41 /* Typography */ = {
			isa = PBXGroup;
			children = (
				55F236CE259135680007BC69 /* UILabel+Typography.swift */,
			);
			path = Typography;
			sourceTree = "<group>";
		};
		55F2369525912BBE0007BC69 = {
			isa = PBXGroup;
			children = (
				554AF31725961B6200A23E41 /* README.md */,
				55F236A025912BBE0007BC69 /* UILabel_Typography_Extensions */,
				55F2369F25912BBE0007BC69 /* Products */,
			);
			sourceTree = "<group>";
		};
		55F2369F25912BBE0007BC69 /* Products */ = {
			isa = PBXGroup;
			children = (
				55F2369E25912BBE0007BC69 /* UILabel_Typography_Extensions.app */,
			);
			name = Products;
			sourceTree = "<group>";
		};
		55F236A025912BBE0007BC69 /* UILabel_Typography_Extensions */ = {
			isa = PBXGroup;
			children = (
				55F236A125912BBE0007BC69 /* AppDelegate.swift */,
				55F236A325912BBE0007BC69 /* SceneDelegate.swift */,
				554AF31C25961F2400A23E41 /* Typography */,
				55F236C225912C780007BC69 /* Extensions */,
				55F236B625912BF20007BC69 /* ViewController.swift */,
				55F236A725912BC30007BC69 /* Assets.xcassets */,
				55F236AC25912BC30007BC69 /* LaunchScreen.storyboard */,
				55F236AF25912BC30007BC69 /* Info.plist */,
			);
			path = UILabel_Typography_Extensions;
			sourceTree = "<group>";
		};
		55F236C225912C780007BC69 /* Extensions */ = {
			isa = PBXGroup;
			children = (
				55F236BA25912C430007BC69 /* Withable.swift */,
				55F236BD25912C700007BC69 /* UIKit+Extensions.swift */,
				55F236C925912E690007BC69 /* PreviewView.swift */,
			);
			path = Extensions;
			sourceTree = "<group>";
		};
/* End PBXGroup section */

/* Begin PBXNativeTarget section */
		55F2369D25912BBE0007BC69 /* UILabel_Typography_Extensions */ = {
			isa = PBXNativeTarget;
			buildConfigurationList = 55F236B225912BC30007BC69 /* Build configuration list for PBXNativeTarget "UILabel_Typography_Extensions" */;
			buildPhases = (
				55F2369A25912BBE0007BC69 /* Sources */,
				55F2369B25912BBE0007BC69 /* Frameworks */,
				55F2369C25912BBE0007BC69 /* Resources */,
			);
			buildRules = (
			);
			dependencies = (
			);
			name = UILabel_Typography_Extensions;
			productName = Label_Extensions;
			productReference = 55F2369E25912BBE0007BC69 /* UILabel_Typography_Extensions.app */;
			productType = "com.apple.product-type.application";
		};
/* End PBXNativeTarget section */

/* Begin PBXProject section */
		55F2369625912BBE0007BC69 /* Project object */ = {
			isa = PBXProject;
			attributes = {
				LastSwiftUpdateCheck = 1230;
				LastUpgradeCheck = 1230;
				TargetAttributes = {
					55F2369D25912BBE0007BC69 = {
						CreatedOnToolsVersion = 12.3;
					};
				};
			};
			buildConfigurationList = 55F2369925912BBE0007BC69 /* Build configuration list for PBXProject "UILabel_Typography_Extensions" */;
			compatibilityVersion = "Xcode 9.3";
			developmentRegion = en;
			hasScannedForEncodings = 0;
			knownRegions = (
				en,
				Base,
			);
			mainGroup = 55F2369525912BBE0007BC69;
			productRefGroup = 55F2369F25912BBE0007BC69 /* Products */;
			projectDirPath = "";
			projectRoot = "";
			targets = (
				55F2369D25912BBE0007BC69 /* UILabel_Typography_Extensions */,
			);
		};
/* End PBXProject section */

/* Begin PBXResourcesBuildPhase section */
		55F2369C25912BBE0007BC69 /* Resources */ = {
			isa = PBXResourcesBuildPhase;
			buildActionMask = 2147483647;
			files = (
				55F236AE25912BC30007BC69 /* LaunchScreen.storyboard in Resources */,
				554AF31825961B6200A23E41 /* README.md in Resources */,
				55F236A825912BC30007BC69 /* Assets.xcassets in Resources */,
			);
			runOnlyForDeploymentPostprocessing = 0;
		};
/* End PBXResourcesBuildPhase section */

/* Begin PBXSourcesBuildPhase section */
		55F2369A25912BBE0007BC69 /* Sources */ = {
			isa = PBXSourcesBuildPhase;
			buildActionMask = 2147483647;
			files = (
				55F236A225912BBE0007BC69 /* AppDelegate.swift in Sources */,
				55F236CF259135680007BC69 /* UILabel+Typography.swift in Sources */,
				55F236CA25912E690007BC69 /* PreviewView.swift in Sources */,
				55F236BB25912C430007BC69 /* Withable.swift in Sources */,
				55F236BF25912C710007BC69 /* UIKit+Extensions.swift in Sources */,
				55F236A425912BBE0007BC69 /* SceneDelegate.swift in Sources */,
				55F236B725912BF20007BC69 /* ViewController.swift in Sources */,
			);
			runOnlyForDeploymentPostprocessing = 0;
		};
/* End PBXSourcesBuildPhase section */

/* Begin PBXVariantGroup section */
		55F236AC25912BC30007BC69 /* LaunchScreen.storyboard */ = {
			isa = PBXVariantGroup;
			children = (
				55F236AD25912BC30007BC69 /* Base */,
			);
			name = LaunchScreen.storyboard;
			sourceTree = "<group>";
		};
/* End PBXVariantGroup section */

/* Begin XCBuildConfiguration section */
		55F236B025912BC30007BC69 /* Debug */ = {
			isa = XCBuildConfiguration;
			buildSettings = {
				ALWAYS_SEARCH_USER_PATHS = NO;
				CLANG_ANALYZER_NONNULL = YES;
				CLANG_ANALYZER_NUMBER_OBJECT_CONVERSION = YES_AGGRESSIVE;
				CLANG_CXX_LANGUAGE_STANDARD = "gnu++14";
				CLANG_CXX_LIBRARY = "libc++";
				CLANG_ENABLE_MODULES = YES;
				CLANG_ENABLE_OBJC_ARC = YES;
				CLANG_ENABLE_OBJC_WEAK = YES;
				CLANG_WARN_BLOCK_CAPTURE_AUTORELEASING = YES;
				CLANG_WARN_BOOL_CONVERSION = YES;
				CLANG_WARN_COMMA = YES;
				CLANG_WARN_CONSTANT_CONVERSION = YES;
				CLANG_WARN_DEPRECATED_OBJC_IMPLEMENTATIONS = YES;
				CLANG_WARN_DIRECT_OBJC_ISA_USAGE = YES_ERROR;
				CLANG_WARN_DOCUMENTATION_COMMENTS = YES;
				CLANG_WARN_EMPTY_BODY = YES;
				CLANG_WARN_ENUM_CONVERSION = YES;
				CLANG_WARN_INFINITE_RECURSION = YES;
				CLANG_WARN_INT_CONVERSION = YES;
				CLANG_WARN_NON_LITERAL_NULL_CONVERSION = YES;
				CLANG_WARN_OBJC_IMPLICIT_RETAIN_SELF = YES;
				CLANG_WARN_OBJC_LITERAL_CONVERSION = YES;
				CLANG_WARN_OBJC_ROOT_CLASS = YES_ERROR;
				CLANG_WARN_QUOTED_INCLUDE_IN_FRAMEWORK_HEADER = YES;
				CLANG_WARN_RANGE_LOOP_ANALYSIS = YES;
				CLANG_WARN_STRICT_PROTOTYPES = YES;
				CLANG_WARN_SUSPICIOUS_MOVE = YES;
				CLANG_WARN_UNGUARDED_AVAILABILITY = YES_AGGRESSIVE;
				CLANG_WARN_UNREACHABLE_CODE = YES;
				CLANG_WARN__DUPLICATE_METHOD_MATCH = YES;
				COPY_PHASE_STRIP = NO;
				DEBUG_INFORMATION_FORMAT = dwarf;
				ENABLE_STRICT_OBJC_MSGSEND = YES;
				ENABLE_TESTABILITY = YES;
				GCC_C_LANGUAGE_STANDARD = gnu11;
				GCC_DYNAMIC_NO_PIC = NO;
				GCC_NO_COMMON_BLOCKS = YES;
				GCC_OPTIMIZATION_LEVEL = 0;
				GCC_PREPROCESSOR_DEFINITIONS = (
					"DEBUG=1",
					"$(inherited)",
				);
				GCC_WARN_64_TO_32_BIT_CONVERSION = YES;
				GCC_WARN_ABOUT_RETURN_TYPE = YES_ERROR;
				GCC_WARN_UNDECLARED_SELECTOR = YES;
				GCC_WARN_UNINITIALIZED_AUTOS = YES_AGGRESSIVE;
				GCC_WARN_UNUSED_FUNCTION = YES;
				GCC_WARN_UNUSED_VARIABLE = YES;
				IPHONEOS_DEPLOYMENT_TARGET = 14.3;
				MTL_ENABLE_DEBUG_INFO = INCLUDE_SOURCE;
				MTL_FAST_MATH = YES;
				ONLY_ACTIVE_ARCH = YES;
				SDKROOT = iphoneos;
				SWIFT_ACTIVE_COMPILATION_CONDITIONS = DEBUG;
				SWIFT_OPTIMIZATION_LEVEL = "-Onone";
			};
			name = Debug;
		};
		55F236B125912BC30007BC69 /* Release */ = {
			isa = XCBuildConfiguration;
			buildSettings = {
				ALWAYS_SEARCH_USER_PATHS = NO;
				CLANG_ANALYZER_NONNULL = YES;
				CLANG_ANALYZER_NUMBER_OBJECT_CONVERSION = YES_AGGRESSIVE;
				CLANG_CXX_LANGUAGE_STANDARD = "gnu++14";
				CLANG_CXX_LIBRARY = "libc++";
				CLANG_ENABLE_MODULES = YES;
				CLANG_ENABLE_OBJC_ARC = YES;
				CLANG_ENABLE_OBJC_WEAK = YES;
				CLANG_WARN_BLOCK_CAPTURE_AUTORELEASING = YES;
				CLANG_WARN_BOOL_CONVERSION = YES;
				CLANG_WARN_COMMA = YES;
				CLANG_WARN_CONSTANT_CONVERSION = YES;
				CLANG_WARN_DEPRECATED_OBJC_IMPLEMENTATIONS = YES;
				CLANG_WARN_DIRECT_OBJC_ISA_USAGE = YES_ERROR;
				CLANG_WARN_DOCUMENTATION_COMMENTS = YES;
				CLANG_WARN_EMPTY_BODY = YES;
				CLANG_WARN_ENUM_CONVERSION = YES;
				CLANG_WARN_INFINITE_RECURSION = YES;
				CLANG_WARN_INT_CONVERSION = YES;
				CLANG_WARN_NON_LITERAL_NULL_CONVERSION = YES;
				CLANG_WARN_OBJC_IMPLICIT_RETAIN_SELF = YES;
				CLANG_WARN_OBJC_LITERAL_CONVERSION = YES;
				CLANG_WARN_OBJC_ROOT_CLASS = YES_ERROR;
				CLANG_WARN_QUOTED_INCLUDE_IN_FRAMEWORK_HEADER = YES;
				CLANG_WARN_RANGE_LOOP_ANALYSIS = YES;
				CLANG_WARN_STRICT_PROTOTYPES = YES;
				CLANG_WARN_SUSPICIOUS_MOVE = YES;
				CLANG_WARN_UNGUARDED_AVAILABILITY = YES_AGGRESSIVE;
				CLANG_WARN_UNREACHABLE_CODE = YES;
				CLANG_WARN__DUPLICATE_METHOD_MATCH = YES;
				COPY_PHASE_STRIP = NO;
				DEBUG_INFORMATION_FORMAT = "dwarf-with-dsym";
				ENABLE_NS_ASSERTIONS = NO;
				ENABLE_STRICT_OBJC_MSGSEND = YES;
				GCC_C_LANGUAGE_STANDARD = gnu11;
				GCC_NO_COMMON_BLOCKS = YES;
				GCC_WARN_64_TO_32_BIT_CONVERSION = YES;
				GCC_WARN_ABOUT_RETURN_TYPE = YES_ERROR;
				GCC_WARN_UNDECLARED_SELECTOR = YES;
				GCC_WARN_UNINITIALIZED_AUTOS = YES_AGGRESSIVE;
				GCC_WARN_UNUSED_FUNCTION = YES;
				GCC_WARN_UNUSED_VARIABLE = YES;
				IPHONEOS_DEPLOYMENT_TARGET = 14.3;
				MTL_ENABLE_DEBUG_INFO = NO;
				MTL_FAST_MATH = YES;
				SDKROOT = iphoneos;
				SWIFT_COMPILATION_MODE = wholemodule;
				SWIFT_OPTIMIZATION_LEVEL = "-O";
				VALIDATE_PRODUCT = YES;
			};
			name = Release;
		};
		55F236B325912BC30007BC69 /* Debug */ = {
			isa = XCBuildConfiguration;
			buildSettings = {
				ASSETCATALOG_COMPILER_APPICON_NAME = AppIcon;
				ASSETCATALOG_COMPILER_GLOBAL_ACCENT_COLOR_NAME = AccentColor;
				CODE_SIGN_STYLE = Automatic;
				DEVELOPMENT_ASSET_PATHS = "";
				DEVELOPMENT_TEAM = NG36MJV4JP;
				ENABLE_PREVIEWS = YES;
				INFOPLIST_FILE = UILabel_Typography_Extensions/Info.plist;
				LD_RUNPATH_SEARCH_PATHS = (
					"$(inherited)",
					"@executable_path/Frameworks",
				);
				PRODUCT_BUNDLE_IDENTIFIER = "com.eppz.Label-Extensions";
				PRODUCT_NAME = "$(TARGET_NAME)";
				SWIFT_VERSION = 5.0;
				TARGETED_DEVICE_FAMILY = "1,2";
			};
			name = Debug;
		};
		55F236B425912BC30007BC69 /* Release */ = {
			isa = XCBuildConfiguration;
			buildSettings = {
				ASSETCATALOG_COMPILER_APPICON_NAME = AppIcon;
				ASSETCATALOG_COMPILER_GLOBAL_ACCENT_COLOR_NAME = AccentColor;
				CODE_SIGN_STYLE = Automatic;
				DEVELOPMENT_ASSET_PATHS = "";
				DEVELOPMENT_TEAM = NG36MJV4JP;
				ENABLE_PREVIEWS = YES;
				INFOPLIST_FILE = UILabel_Typography_Extensions/Info.plist;
				LD_RUNPATH_SEARCH_PATHS = (
					"$(inherited)",
					"@executable_path/Frameworks",
				);
				PRODUCT_BUNDLE_IDENTIFIER = "com.eppz.Label-Extensions";
				PRODUCT_NAME = "$(TARGET_NAME)";
				SWIFT_VERSION = 5.0;
				TARGETED_DEVICE_FAMILY = "1,2";
			};
			name = Release;
		};
/* End XCBuildConfiguration section */

/* Begin XCConfigurationList section */
		55F2369925912BBE0007BC69 /* Build configuration list for PBXProject "UILabel_Typography_Extensions" */ = {
			isa = XCConfigurationList;
			buildConfigurations = (
				55F236B025912BC30007BC69 /* Debug */,
				55F236B125912BC30007BC69 /* Release */,
			);
			defaultConfigurationIsVisible = 0;
			defaultConfigurationName = Release;
		};
		55F236B225912BC30007BC69 /* Build configuration list for PBXNativeTarget "UILabel_Typography_Extensions" */ = {
			isa = XCConfigurationList;
			buildConfigurations = (
				55F236B325912BC30007BC69 /* Debug */,
				55F236B425912BC30007BC69 /* Release */,
			);
			defaultConfigurationIsVisible = 0;
			defaultConfigurationName = Release;
		};
/* End XCConfigurationList section */
	};
	rootObject = 55F2369625912BBE0007BC69 /* Project object */;
}
